
Microsoft Visual Studio Solution File, Format Version 12.00
# Visual Studio 15
VisualStudioVersion = 15.0.27130.2020
MinimumVisualStudioVersion = 10.0.40219.1
Project("{FAE04EC0-301F-11D3-BF4B-00C04F79EFBC}") = "robot.sl", "robot.sl\robot.sl.csproj", "{ABFEF9C2-EC72-452D-9332-573336817BBB}"
EndProject
Global
	GlobalSection(SolutionConfigurationPlatforms) = preSolution
		Debug|ARM = Debug|ARM
		Debug|x64 = Debug|x64
		Debug|x86 = Debug|x86
		Release|ARM = Release|ARM
		Release|x64 = Release|x64
		Release|x86 = Release|x86
	EndGlobalSection
	GlobalSection(ProjectConfigurationPlatforms) = postSolution
		{ABFEF9C2-EC72-452D-9332-573336817BBB}.Debug|ARM.ActiveCfg = Debug|ARM
		{ABFEF9C2-EC72-452D-9332-573336817BBB}.Debug|ARM.Build.0 = Debug|ARM
		{ABFEF9C2-EC72-452D-9332-573336817BBB}.Debug|ARM.Deploy.0 = Debug|ARM
		{ABFEF9C2-EC72-452D-9332-573336817BBB}.Debug|x64.ActiveCfg = Debug|x64
		{ABFEF9C2-EC72-452D-9332-573336817BBB}.Debug|x64.Build.0 = Debug|x64
		{ABFEF9C2-EC72-452D-9332-573336817BBB}.Debug|x64.Deploy.0 = Debug|x64
		{ABFEF9C2-EC72-452D-9332-573336817BBB}.Debug|x86.ActiveCfg = Debug|x86
		{ABFEF9C2-EC72-452D-9332-573336817BBB}.Debug|x86.Build.0 = Debug|x86
		{ABFEF9C2-EC72-452D-9332-573336817BBB}.Debug|x86.Deploy.0 = Debug|x86
		{ABFEF9C2-EC72-452D-9332-573336817BBB}.Release|ARM.ActiveCfg = Release|ARM
		{ABFEF9C2-EC72-452D-9332-573336817BBB}.Release|ARM.Build.0 = Release|ARM
		{ABFEF9C2-EC72-452D-9332-573336817BBB}.Release|ARM.Deploy.0 = Release|ARM
		{ABFEF9C2-EC72-452D-9332-573336817BBB}.Release|x64.ActiveCfg = Release|x64
		{ABFEF9C2-EC72-452D-9332-573336817BBB}.Release|x64.Build.0 = Release|x64
		{ABFEF9C2-EC72-452D-9332-573336817BBB}.Release|x64.Deploy.0 = Release|x64
		{ABFEF9C2-EC72-452D-9332-573336817BBB}.Release|x86.ActiveCfg = Release|x86
		{ABFEF9C2-EC72-452D-9332-573336817BBB}.Release|x86.Build.0 = Release|x86
		{ABFEF9C2-EC72-452D-9332-573336817BBB}.Release|x86.Deploy.0 = Release|x86
	EndGlobalSection
	GlobalSection(SolutionProperties) = preSolution
		HideSolutionNode = FALSE
	EndGlobalSection
	GlobalSection(ExtensibilityGlobals) = postSolution
		SolutionGuid = {92911495-0438-49BF-B1F4-8F5489C1F244}
	EndGlobalSection
EndGlobal
